
Microsoft Visual Studio Solution File, Format Version 12.00
# Visual Studio 15
VisualStudioVersion = 15.0.28307.1831
MinimumVisualStudioVersion = 10.0.40219.1
Project("{FAE04EC0-301F-11D3-BF4B-00C04F79EFBC}") = "ConsoleApp1", "ConsoleApp1\ConsoleApp1.csproj", "{B5F55942-5D21-43B7-B063-D9F0EC809180}"
EndProject
Global
	GlobalSection(SolutionConfigurationPlatforms) = preSolution
		Debug|Any CPU = Debug|Any CPU
		Release|Any CPU = Release|Any CPU
	EndGlobalSection
	GlobalSection(ProjectConfigurationPlatforms) = postSolution
		{B5F55942-5D21-43B7-B063-D9F0EC809180}.Debug|Any CPU.ActiveCfg = Debug|Any CPU
		{B5F55942-5D21-43B7-B063-D9F0EC809180}.Debug|Any CPU.Build.0 = Debug|Any CPU
		{B5F55942-5D21-43B7-B063-D9F0EC809180}.Release|Any CPU.ActiveCfg = Release|Any CPU
		{B5F55942-5D21-43B7-B063-D9F0EC809180}.Release|Any CPU.Build.0 = Release|Any CPU
	EndGlobalSection
	GlobalSection(SolutionProperties) = preSolution
		HideSolutionNode = FALSE
	EndGlobalSection
	GlobalSection(ExtensibilityGlobals) = postSolution
		SolutionGuid = {E26D5A3D-2651-4B4D-82D4-308C9655EBCA}
	EndGlobalSection
EndGlobal
