
Microsoft Visual Studio Solution File, Format Version 12.00
# Visual Studio Version 16
VisualStudioVersion = 16.0.31112.23
MinimumVisualStudioVersion = 10.0.40219.1
Project("{FAE04EC0-301F-11D3-BF4B-00C04F79EFBC}") = "ConsoleApp1", "ConsoleApp1\ConsoleApp1.csproj", "{9ECB5F86-1BB3-4031-A7F9-57413FE75A4D}"
EndProject
Global
	GlobalSection(SolutionConfigurationPlatforms) = preSolution
		Debug|Any CPU = Debug|Any CPU
		Release|Any CPU = Release|Any CPU
	EndGlobalSection
	GlobalSection(ProjectConfigurationPlatforms) = postSolution
		{9ECB5F86-1BB3-4031-A7F9-57413FE75A4D}.Debug|Any CPU.ActiveCfg = Debug|Any CPU
		{9ECB5F86-1BB3-4031-A7F9-57413FE75A4D}.Debug|Any CPU.Build.0 = Debug|Any CPU
		{9ECB5F86-1BB3-4031-A7F9-57413FE75A4D}.Release|Any CPU.ActiveCfg = Release|Any CPU
		{9ECB5F86-1BB3-4031-A7F9-57413FE75A4D}.Release|Any CPU.Build.0 = Release|Any CPU
	EndGlobalSection
	GlobalSection(SolutionProperties) = preSolution
		HideSolutionNode = FALSE
	EndGlobalSection
	GlobalSection(ExtensibilityGlobals) = postSolution
		SolutionGuid = {ED374A24-3949-4F63-9C39-D0F62E2DA573}
	EndGlobalSection
EndGlobal
